
Microsoft Visual Studio Solution File, Format Version 12.00
# Visual Studio Version 16
VisualStudioVersion = 16.0.31321.278
MinimumVisualStudioVersion = 10.0.40219.1
Project("{FAE04EC0-301F-11D3-BF4B-00C04F79EFBC}") = "Algoritms", "Algoritms\Algoritms.csproj", "{1B23A785-06AA-4000-A2AE-50746FB23847}"
EndProject
Global
	GlobalSection(SolutionConfigurationPlatforms) = preSolution
		Debug|Any CPU = Debug|Any CPU
		Release|Any CPU = Release|Any CPU
	EndGlobalSection
	GlobalSection(ProjectConfigurationPlatforms) = postSolution
		{1B23A785-06AA-4000-A2AE-50746FB23847}.Debug|Any CPU.ActiveCfg = Debug|Any CPU
		{1B23A785-06AA-4000-A2AE-50746FB23847}.Debug|Any CPU.Build.0 = Debug|Any CPU
		{1B23A785-06AA-4000-A2AE-50746FB23847}.Release|Any CPU.ActiveCfg = Release|Any CPU
		{1B23A785-06AA-4000-A2AE-50746FB23847}.Release|Any CPU.Build.0 = Release|Any CPU
	EndGlobalSection
	GlobalSection(SolutionProperties) = preSolution
		HideSolutionNode = FALSE
	EndGlobalSection
	GlobalSection(ExtensibilityGlobals) = postSolution
		SolutionGuid = {DA413059-FCB9-4969-888F-507D0D9C0898}
	EndGlobalSection
EndGlobal
